
Microsoft Visual Studio Solution File, Format Version 12.00
# Visual Studio Version 16
VisualStudioVersion = 16.0.31613.86
MinimumVisualStudioVersion = 10.0.40219.1
Project("{FAE04EC0-301F-11D3-BF4B-00C04F79EFBC}") = "Presentation", "Presentation\Presentation.csproj", "{1E92A99E-3775-4B41-AA5C-BFF03C5D5588}"
EndProject
Project("{FAE04EC0-301F-11D3-BF4B-00C04F79EFBC}") = "Lógica", "Lógica\Lógica.csproj", "{B326E742-C053-45B0-AA50-56FAB2307D8B}"
EndProject
Project("{FAE04EC0-301F-11D3-BF4B-00C04F79EFBC}") = "Datos", "Datos\Datos.csproj", "{EC820DDA-D2E9-41B2-BA31-843616FEA2CA}"
EndProject
Project("{FAE04EC0-301F-11D3-BF4B-00C04F79EFBC}") = "Entidad", "Entidad\Entidad.csproj", "{D3BE0727-6067-4197-9946-B1FC0E387AC3}"
EndProject
Global
	GlobalSection(SolutionConfigurationPlatforms) = preSolution
		Debug|Any CPU = Debug|Any CPU
		Release|Any CPU = Release|Any CPU
	EndGlobalSection
	GlobalSection(ProjectConfigurationPlatforms) = postSolution
		{1E92A99E-3775-4B41-AA5C-BFF03C5D5588}.Debug|Any CPU.ActiveCfg = Debug|Any CPU
		{1E92A99E-3775-4B41-AA5C-BFF03C5D5588}.Debug|Any CPU.Build.0 = Debug|Any CPU
		{1E92A99E-3775-4B41-AA5C-BFF03C5D5588}.Release|Any CPU.ActiveCfg = Release|Any CPU
		{1E92A99E-3775-4B41-AA5C-BFF03C5D5588}.Release|Any CPU.Build.0 = Release|Any CPU
		{B326E742-C053-45B0-AA50-56FAB2307D8B}.Debug|Any CPU.ActiveCfg = Debug|Any CPU
		{B326E742-C053-45B0-AA50-56FAB2307D8B}.Debug|Any CPU.Build.0 = Debug|Any CPU
		{B326E742-C053-45B0-AA50-56FAB2307D8B}.Release|Any CPU.ActiveCfg = Release|Any CPU
		{B326E742-C053-45B0-AA50-56FAB2307D8B}.Release|Any CPU.Build.0 = Release|Any CPU
		{EC820DDA-D2E9-41B2-BA31-843616FEA2CA}.Debug|Any CPU.ActiveCfg = Debug|Any CPU
		{EC820DDA-D2E9-41B2-BA31-843616FEA2CA}.Debug|Any CPU.Build.0 = Debug|Any CPU
		{EC820DDA-D2E9-41B2-BA31-843616FEA2CA}.Release|Any CPU.ActiveCfg = Release|Any CPU
		{EC820DDA-D2E9-41B2-BA31-843616FEA2CA}.Release|Any CPU.Build.0 = Release|Any CPU
		{D3BE0727-6067-4197-9946-B1FC0E387AC3}.Debug|Any CPU.ActiveCfg = Debug|Any CPU
		{D3BE0727-6067-4197-9946-B1FC0E387AC3}.Debug|Any CPU.Build.0 = Debug|Any CPU
		{D3BE0727-6067-4197-9946-B1FC0E387AC3}.Release|Any CPU.ActiveCfg = Release|Any CPU
		{D3BE0727-6067-4197-9946-B1FC0E387AC3}.Release|Any CPU.Build.0 = Release|Any CPU
	EndGlobalSection
	GlobalSection(SolutionProperties) = preSolution
		HideSolutionNode = FALSE
	EndGlobalSection
	GlobalSection(ExtensibilityGlobals) = postSolution
		SolutionGuid = {047C437C-7554-456A-B0D8-A1B0B0DF49CB}
	EndGlobalSection
EndGlobal
